{
  "version": 4,
  "terraform_version": "1.1.5",
  "serial": 44,
  "lineage": "bd19702c-7fe7-4853-5ade-ff76456c303a",
  "outputs": {},
  "resources": [
    {
      "module": "module.s3_bucket",
      "mode": "managed",
      "type": "aws_s3_bucket",
      "name": "versioning_bucket",
      "provider": "provider[\"registry.terraform.io/hashicorp/aws\"]",
      "instances": [
        {
          "index_key": 0,
          "schema_version": 0,
          "attributes": {
            "acceleration_status": "",
            "acl": "private",
            "arn": "arn:aws:s3:::sixth-my-versioning-bucket",
            "bucket": "sixth-my-versioning-bucket",
            "bucket_domain_name": "sixth-my-versioning-bucket.s3.amazonaws.com",
            "bucket_prefix": null,
            "bucket_regional_domain_name": "sixth-my-versioning-bucket.s3.eu-west-1.amazonaws.com",
            "cors_rule": [],
            "force_destroy": false,
            "grant": [],
            "hosted_zone_id": "Z1BKCTXD74EZPE",
            "id": "sixth-my-versioning-bucket",
            "lifecycle_rule": [],
            "logging": [],
            "object_lock_configuration": [],
            "policy": null,
            "region": "eu-west-1",
            "replication_configuration": [],
            "request_payer": "BucketOwner",
            "server_side_encryption_configuration": [],
            "tags": {
              "Environment": "prod",
              "Name": "My bucket1"
            },
            "tags_all": {
              "Environment": "prod",
              "Name": "My bucket1"
            },
            "versioning": [
              {
                "enabled": false,
                "mfa_delete": false
              }
            ],
            "website": [],
            "website_domain": null,
            "website_endpoint": null
          },
          "sensitive_attributes": [],
          "private": "bnVsbA=="
        }
      ]
    }
  ]
}
